// !$*UTF8*$!
{
	archiveVersion = 1;
	classes = {
	};
	objectVersion = 56;
	objects = {

/* Begin PBXBuildFile section */
		8C6C78DD2B06369F00282A22 /* AppDelegate.swift in Sources */ = {isa = PBXBuildFile; fileRef = 8C6C78DC2B06369F00282A22 /* AppDelegate.swift */; };
		8C6C78DF2B06369F00282A22 /* SceneDelegate.swift in Sources */ = {isa = PBXBuildFile; fileRef = 8C6C78DE2B06369F00282A22 /* SceneDelegate.swift */; };
		8C6C78E12B06369F00282A22 /* WeatherViewController.swift in Sources */ = {isa = PBXBuildFile; fileRef = 8C6C78E02B06369F00282A22 /* WeatherViewController.swift */; };
		8C6C78E62B0636A100282A22 /* Assets.xcassets in Resources */ = {isa = PBXBuildFile; fileRef = 8C6C78E52B0636A100282A22 /* Assets.xcassets */; };
		8C6C78E92B0636A100282A22 /* LaunchScreen.storyboard in Resources */ = {isa = PBXBuildFile; fileRef = 8C6C78E72B0636A100282A22 /* LaunchScreen.storyboard */; };
		8C6C79042B06420100282A22 /* LocationManager.swift in Sources */ = {isa = PBXBuildFile; fileRef = 8C6C79032B06420100282A22 /* LocationManager.swift */; };
		8C6C79072B06421B00282A22 /* WeatherManager.swift in Sources */ = {isa = PBXBuildFile; fileRef = 8C6C79062B06421B00282A22 /* WeatherManager.swift */; };
		8C6C79092B06422700282A22 /* IAPManager.swift in Sources */ = {isa = PBXBuildFile; fileRef = 8C6C79082B06422700282A22 /* IAPManager.swift */; };
		8C6C790B2B06423C00282A22 /* WidgetInfo.swift in Sources */ = {isa = PBXBuildFile; fileRef = 8C6C790A2B06423C00282A22 /* WidgetInfo.swift */; };
		8C6C790D2B06425800282A22 /* WeatherTabBarController.swift in Sources */ = {isa = PBXBuildFile; fileRef = 8C6C790C2B06425800282A22 /* WeatherTabBarController.swift */; };
		8C6C79122B06429200282A22 /* WidgetsViewController.swift in Sources */ = {isa = PBXBuildFile; fileRef = 8C6C79112B06429200282A22 /* WidgetsViewController.swift */; };
		8C6C79142B06429F00282A22 /* WidgetViewCell.swift in Sources */ = {isa = PBXBuildFile; fileRef = 8C6C79132B06429F00282A22 /* WidgetViewCell.swift */; };
		8C6C79182B0642E400282A22 /* WidgetViewModel.swift in Sources */ = {isa = PBXBuildFile; fileRef = 8C6C79172B0642E400282A22 /* WidgetViewModel.swift */; };
		8C6C791A2B0642FC00282A22 /* TabBarController + Extensions.swift in Sources */ = {isa = PBXBuildFile; fileRef = 8C6C79192B0642FC00282A22 /* TabBarController + Extensions.swift */; };
		8C6C791C2B06431C00282A22 /* WidgetsViewController + Extensions .swift in Sources */ = {isa = PBXBuildFile; fileRef = 8C6C791B2B06431C00282A22 /* WidgetsViewController + Extensions .swift */; };
		8C6C791E2B06432900282A22 /* Constants.swift in Sources */ = {isa = PBXBuildFile; fileRef = 8C6C791D2B06432900282A22 /* Constants.swift */; };
/* End PBXBuildFile section */

/* Begin PBXFileReference section */
		8C6C78D92B06369F00282A22 /* myWeatherApp.app */ = {isa = PBXFileReference; explicitFileType = wrapper.application; includeInIndex = 0; path = myWeatherApp.app; sourceTree = BUILT_PRODUCTS_DIR; };
		8C6C78DC2B06369F00282A22 /* AppDelegate.swift */ = {isa = PBXFileReference; lastKnownFileType = sourcecode.swift; path = AppDelegate.swift; sourceTree = "<group>"; };
		8C6C78DE2B06369F00282A22 /* SceneDelegate.swift */ = {isa = PBXFileReference; lastKnownFileType = sourcecode.swift; path = SceneDelegate.swift; sourceTree = "<group>"; };
		8C6C78E02B06369F00282A22 /* WeatherViewController.swift */ = {isa = PBXFileReference; lastKnownFileType = sourcecode.swift; path = WeatherViewController.swift; sourceTree = "<group>"; };
		8C6C78E52B0636A100282A22 /* Assets.xcassets */ = {isa = PBXFileReference; lastKnownFileType = folder.assetcatalog; path = Assets.xcassets; sourceTree = "<group>"; };
		8C6C78E82B0636A100282A22 /* Base */ = {isa = PBXFileReference; lastKnownFileType = file.storyboard; name = Base; path = Base.lproj/LaunchScreen.storyboard; sourceTree = "<group>"; };
		8C6C78EA2B0636A100282A22 /* Info.plist */ = {isa = PBXFileReference; lastKnownFileType = text.plist.xml; path = Info.plist; sourceTree = "<group>"; };
		8C6C79032B06420100282A22 /* LocationManager.swift */ = {isa = PBXFileReference; lastKnownFileType = sourcecode.swift; path = LocationManager.swift; sourceTree = "<group>"; };
		8C6C79062B06421B00282A22 /* WeatherManager.swift */ = {isa = PBXFileReference; lastKnownFileType = sourcecode.swift; path = WeatherManager.swift; sourceTree = "<group>"; };
		8C6C79082B06422700282A22 /* IAPManager.swift */ = {isa = PBXFileReference; lastKnownFileType = sourcecode.swift; path = IAPManager.swift; sourceTree = "<group>"; };
		8C6C790A2B06423C00282A22 /* WidgetInfo.swift */ = {isa = PBXFileReference; lastKnownFileType = sourcecode.swift; path = WidgetInfo.swift; sourceTree = "<group>"; };
		8C6C790C2B06425800282A22 /* WeatherTabBarController.swift */ = {isa = PBXFileReference; lastKnownFileType = sourcecode.swift; path = WeatherTabBarController.swift; sourceTree = "<group>"; };
		8C6C79112B06429200282A22 /* WidgetsViewController.swift */ = {isa = PBXFileReference; lastKnownFileType = sourcecode.swift; path = WidgetsViewController.swift; sourceTree = "<group>"; };
		8C6C79132B06429F00282A22 /* WidgetViewCell.swift */ = {isa = PBXFileReference; lastKnownFileType = sourcecode.swift; path = WidgetViewCell.swift; sourceTree = "<group>"; };
		8C6C79172B0642E400282A22 /* WidgetViewModel.swift */ = {isa = PBXFileReference; lastKnownFileType = sourcecode.swift; path = WidgetViewModel.swift; sourceTree = "<group>"; };
		8C6C79192B0642FC00282A22 /* TabBarController + Extensions.swift */ = {isa = PBXFileReference; lastKnownFileType = sourcecode.swift; path = "TabBarController + Extensions.swift"; sourceTree = "<group>"; };
		8C6C791B2B06431C00282A22 /* WidgetsViewController + Extensions .swift */ = {isa = PBXFileReference; lastKnownFileType = sourcecode.swift; path = "WidgetsViewController + Extensions .swift"; sourceTree = "<group>"; };
		8C6C791D2B06432900282A22 /* Constants.swift */ = {isa = PBXFileReference; lastKnownFileType = sourcecode.swift; path = Constants.swift; sourceTree = "<group>"; };
/* End PBXFileReference section */

/* Begin PBXFrameworksBuildPhase section */
		8C6C78D62B06369F00282A22 /* Frameworks */ = {
			isa = PBXFrameworksBuildPhase;
			buildActionMask = 2147483647;
			files = (
			);
			runOnlyForDeploymentPostprocessing = 0;
		};
/* End PBXFrameworksBuildPhase section */

/* Begin PBXGroup section */
		8C6C78D02B06369F00282A22 = {
			isa = PBXGroup;
			children = (
				8C6C78DB2B06369F00282A22 /* myWeatherApp */,
				8C6C78DA2B06369F00282A22 /* Products */,
			);
			sourceTree = "<group>";
		};
		8C6C78DA2B06369F00282A22 /* Products */ = {
			isa = PBXGroup;
			children = (
				8C6C78D92B06369F00282A22 /* myWeatherApp.app */,
			);
			name = Products;
			sourceTree = "<group>";
		};
		8C6C78DB2B06369F00282A22 /* myWeatherApp */ = {
			isa = PBXGroup;
			children = (
				8C6C78FA2B06409000282A22 /* Application  */,
				8C6C78FC2B06417F00282A22 /* Managers */,
				8C6C78FD2B06418600282A22 /* Models */,
				8C6C78FE2B06419800282A22 /* Views */,
				8C6C78FF2B0641A000282A22 /* ViewModels */,
				8C6C79002B0641A600282A22 /* Extensions */,
				8C6C79012B0641B100282A22 /* SupportingFiles */,
				8C6C79022B0641BD00282A22 /* Assets */,
			);
			path = myWeatherApp;
			sourceTree = "<group>";
		};
		8C6C78FA2B06409000282A22 /* Application  */ = {
			isa = PBXGroup;
			children = (
				8C6C78DC2B06369F00282A22 /* AppDelegate.swift */,
				8C6C78DE2B06369F00282A22 /* SceneDelegate.swift */,
			);
			path = "Application ";
			sourceTree = "<group>";
		};
		8C6C78FC2B06417F00282A22 /* Managers */ = {
			isa = PBXGroup;
			children = (
				8C6C79032B06420100282A22 /* LocationManager.swift */,
				8C6C79062B06421B00282A22 /* WeatherManager.swift */,
				8C6C79082B06422700282A22 /* IAPManager.swift */,
			);
			path = Managers;
			sourceTree = "<group>";
		};
		8C6C78FD2B06418600282A22 /* Models */ = {
			isa = PBXGroup;
			children = (
				8C6C790A2B06423C00282A22 /* WidgetInfo.swift */,
			);
			path = Models;
			sourceTree = "<group>";
		};
		8C6C78FE2B06419800282A22 /* Views */ = {
			isa = PBXGroup;
			children = (
				8C6C790C2B06425800282A22 /* WeatherTabBarController.swift */,
				8C6C790E2B06426300282A22 /* WeatherView */,
				8C6C790F2B06426C00282A22 /* DetailView */,
				8C6C79102B06427500282A22 /* WidgetsView */,
			);
			path = Views;
			sourceTree = "<group>";
		};
		8C6C78FF2B0641A000282A22 /* ViewModels */ = {
			isa = PBXGroup;
			children = (
				8C6C79172B0642E400282A22 /* WidgetViewModel.swift */,
			);
			path = ViewModels;
			sourceTree = "<group>";
		};
		8C6C79002B0641A600282A22 /* Extensions */ = {
			isa = PBXGroup;
			children = (
				8C6C79192B0642FC00282A22 /* TabBarController + Extensions.swift */,
				8C6C791B2B06431C00282A22 /* WidgetsViewController + Extensions .swift */,
			);
			path = Extensions;
			sourceTree = "<group>";
		};
		8C6C79012B0641B100282A22 /* SupportingFiles */ = {
			isa = PBXGroup;
			children = (
				8C6C791D2B06432900282A22 /* Constants.swift */,
			);
			path = SupportingFiles;
			sourceTree = "<group>";
		};
		8C6C79022B0641BD00282A22 /* Assets */ = {
			isa = PBXGroup;
			children = (
				8C6C78E52B0636A100282A22 /* Assets.xcassets */,
				8C6C78E72B0636A100282A22 /* LaunchScreen.storyboard */,
				8C6C78EA2B0636A100282A22 /* Info.plist */,
			);
			path = Assets;
			sourceTree = "<group>";
		};
		8C6C790E2B06426300282A22 /* WeatherView */ = {
			isa = PBXGroup;
			children = (
				8C6C78E02B06369F00282A22 /* WeatherViewController.swift */,
			);
			path = WeatherView;
			sourceTree = "<group>";
		};
		8C6C790F2B06426C00282A22 /* DetailView */ = {
			isa = PBXGroup;
			children = (
			);
			path = DetailView;
			sourceTree = "<group>";
		};
		8C6C79102B06427500282A22 /* WidgetsView */ = {
			isa = PBXGroup;
			children = (
				8C6C79112B06429200282A22 /* WidgetsViewController.swift */,
				8C6C79132B06429F00282A22 /* WidgetViewCell.swift */,
			);
			path = WidgetsView;
			sourceTree = "<group>";
		};
/* End PBXGroup section */

/* Begin PBXNativeTarget section */
		8C6C78D82B06369F00282A22 /* myWeatherApp */ = {
			isa = PBXNativeTarget;
			buildConfigurationList = 8C6C78ED2B0636A100282A22 /* Build configuration list for PBXNativeTarget "myWeatherApp" */;
			buildPhases = (
				8C6C78D52B06369F00282A22 /* Sources */,
				8C6C78D62B06369F00282A22 /* Frameworks */,
				8C6C78D72B06369F00282A22 /* Resources */,
			);
			buildRules = (
			);
			dependencies = (
			);
			name = myWeatherApp;
			productName = myWeatherApp;
			productReference = 8C6C78D92B06369F00282A22 /* myWeatherApp.app */;
			productType = "com.apple.product-type.application";
		};
/* End PBXNativeTarget section */

/* Begin PBXProject section */
		8C6C78D12B06369F00282A22 /* Project object */ = {
			isa = PBXProject;
			attributes = {
				BuildIndependentTargetsInParallel = 1;
				LastSwiftUpdateCheck = 1500;
				LastUpgradeCheck = 1500;
				TargetAttributes = {
					8C6C78D82B06369F00282A22 = {
						CreatedOnToolsVersion = 15.0.1;
					};
				};
			};
			buildConfigurationList = 8C6C78D42B06369F00282A22 /* Build configuration list for PBXProject "myWeatherApp" */;
			compatibilityVersion = "Xcode 14.0";
			developmentRegion = en;
			hasScannedForEncodings = 0;
			knownRegions = (
				en,
				Base,
			);
			mainGroup = 8C6C78D02B06369F00282A22;
			productRefGroup = 8C6C78DA2B06369F00282A22 /* Products */;
			projectDirPath = "";
			projectRoot = "";
			targets = (
				8C6C78D82B06369F00282A22 /* myWeatherApp */,
			);
		};
/* End PBXProject section */

/* Begin PBXResourcesBuildPhase section */
		8C6C78D72B06369F00282A22 /* Resources */ = {
			isa = PBXResourcesBuildPhase;
			buildActionMask = 2147483647;
			files = (
				8C6C78E92B0636A100282A22 /* LaunchScreen.storyboard in Resources */,
				8C6C78E62B0636A100282A22 /* Assets.xcassets in Resources */,
			);
			runOnlyForDeploymentPostprocessing = 0;
		};
/* End PBXResourcesBuildPhase section */

/* Begin PBXSourcesBuildPhase section */
		8C6C78D52B06369F00282A22 /* Sources */ = {
			isa = PBXSourcesBuildPhase;
			buildActionMask = 2147483647;
			files = (
				8C6C79182B0642E400282A22 /* WidgetViewModel.swift in Sources */,
				8C6C790D2B06425800282A22 /* WeatherTabBarController.swift in Sources */,
				8C6C79092B06422700282A22 /* IAPManager.swift in Sources */,
				8C6C79042B06420100282A22 /* LocationManager.swift in Sources */,
				8C6C79122B06429200282A22 /* WidgetsViewController.swift in Sources */,
				8C6C791E2B06432900282A22 /* Constants.swift in Sources */,
				8C6C78E12B06369F00282A22 /* WeatherViewController.swift in Sources */,
				8C6C79072B06421B00282A22 /* WeatherManager.swift in Sources */,
				8C6C791C2B06431C00282A22 /* WidgetsViewController + Extensions .swift in Sources */,
				8C6C78DD2B06369F00282A22 /* AppDelegate.swift in Sources */,
				8C6C78DF2B06369F00282A22 /* SceneDelegate.swift in Sources */,
				8C6C791A2B0642FC00282A22 /* TabBarController + Extensions.swift in Sources */,
				8C6C79142B06429F00282A22 /* WidgetViewCell.swift in Sources */,
				8C6C790B2B06423C00282A22 /* WidgetInfo.swift in Sources */,
			);
			runOnlyForDeploymentPostprocessing = 0;
		};
/* End PBXSourcesBuildPhase section */

/* Begin PBXVariantGroup section */
		8C6C78E72B0636A100282A22 /* LaunchScreen.storyboard */ = {
			isa = PBXVariantGroup;
			children = (
				8C6C78E82B0636A100282A22 /* Base */,
			);
			name = LaunchScreen.storyboard;
			sourceTree = "<group>";
		};
/* End PBXVariantGroup section */

/* Begin XCBuildConfiguration section */
		8C6C78EB2B0636A100282A22 /* Debug */ = {
			isa = XCBuildConfiguration;
			buildSettings = {
				ALWAYS_SEARCH_USER_PATHS = NO;
				ASSETCATALOG_COMPILER_GENERATE_SWIFT_ASSET_SYMBOL_EXTENSIONS = YES;
				CLANG_ANALYZER_NONNULL = YES;
				CLANG_ANALYZER_NUMBER_OBJECT_CONVERSION = YES_AGGRESSIVE;
				CLANG_CXX_LANGUAGE_STANDARD = "gnu++20";
				CLANG_ENABLE_MODULES = YES;
				CLANG_ENABLE_OBJC_ARC = YES;
				CLANG_ENABLE_OBJC_WEAK = YES;
				CLANG_WARN_BLOCK_CAPTURE_AUTORELEASING = YES;
				CLANG_WARN_BOOL_CONVERSION = YES;
				CLANG_WARN_COMMA = YES;
				CLANG_WARN_CONSTANT_CONVERSION = YES;
				CLANG_WARN_DEPRECATED_OBJC_IMPLEMENTATIONS = YES;
				CLANG_WARN_DIRECT_OBJC_ISA_USAGE = YES_ERROR;
				CLANG_WARN_DOCUMENTATION_COMMENTS = YES;
				CLANG_WARN_EMPTY_BODY = YES;
				CLANG_WARN_ENUM_CONVERSION = YES;
				CLANG_WARN_INFINITE_RECURSION = YES;
				CLANG_WARN_INT_CONVERSION = YES;
				CLANG_WARN_NON_LITERAL_NULL_CONVERSION = YES;
				CLANG_WARN_OBJC_IMPLICIT_RETAIN_SELF = YES;
				CLANG_WARN_OBJC_LITERAL_CONVERSION = YES;
				CLANG_WARN_OBJC_ROOT_CLASS = YES_ERROR;
				CLANG_WARN_QUOTED_INCLUDE_IN_FRAMEWORK_HEADER = YES;
				CLANG_WARN_RANGE_LOOP_ANALYSIS = YES;
				CLANG_WARN_STRICT_PROTOTYPES = YES;
				CLANG_WARN_SUSPICIOUS_MOVE = YES;
				CLANG_WARN_UNGUARDED_AVAILABILITY = YES_AGGRESSIVE;
				CLANG_WARN_UNREACHABLE_CODE = YES;
				CLANG_WARN__DUPLICATE_METHOD_MATCH = YES;
				COPY_PHASE_STRIP = NO;
				DEBUG_INFORMATION_FORMAT = dwarf;
				ENABLE_STRICT_OBJC_MSGSEND = YES;
				ENABLE_TESTABILITY = YES;
				ENABLE_USER_SCRIPT_SANDBOXING = YES;
				GCC_C_LANGUAGE_STANDARD = gnu17;
				GCC_DYNAMIC_NO_PIC = NO;
				GCC_NO_COMMON_BLOCKS = YES;
				GCC_OPTIMIZATION_LEVEL = 0;
				GCC_PREPROCESSOR_DEFINITIONS = (
					"DEBUG=1",
					"$(inherited)",
				);
				GCC_WARN_64_TO_32_BIT_CONVERSION = YES;
				GCC_WARN_ABOUT_RETURN_TYPE = YES_ERROR;
				GCC_WARN_UNDECLARED_SELECTOR = YES;
				GCC_WARN_UNINITIALIZED_AUTOS = YES_AGGRESSIVE;
				GCC_WARN_UNUSED_FUNCTION = YES;
				GCC_WARN_UNUSED_VARIABLE = YES;
				IPHONEOS_DEPLOYMENT_TARGET = 17.0;
				LOCALIZATION_PREFERS_STRING_CATALOGS = YES;
				MTL_ENABLE_DEBUG_INFO = INCLUDE_SOURCE;
				MTL_FAST_MATH = YES;
				ONLY_ACTIVE_ARCH = YES;
				SDKROOT = iphoneos;
				SWIFT_ACTIVE_COMPILATION_CONDITIONS = "DEBUG $(inherited)";
				SWIFT_OPTIMIZATION_LEVEL = "-Onone";
			};
			name = Debug;
		};
		8C6C78EC2B0636A100282A22 /* Release */ = {
			isa = XCBuildConfiguration;
			buildSettings = {
				ALWAYS_SEARCH_USER_PATHS = NO;
				ASSETCATALOG_COMPILER_GENERATE_SWIFT_ASSET_SYMBOL_EXTENSIONS = YES;
				CLANG_ANALYZER_NONNULL = YES;
				CLANG_ANALYZER_NUMBER_OBJECT_CONVERSION = YES_AGGRESSIVE;
				CLANG_CXX_LANGUAGE_STANDARD = "gnu++20";
				CLANG_ENABLE_MODULES = YES;
				CLANG_ENABLE_OBJC_ARC = YES;
				CLANG_ENABLE_OBJC_WEAK = YES;
				CLANG_WARN_BLOCK_CAPTURE_AUTORELEASING = YES;
				CLANG_WARN_BOOL_CONVERSION = YES;
				CLANG_WARN_COMMA = YES;
				CLANG_WARN_CONSTANT_CONVERSION = YES;
				CLANG_WARN_DEPRECATED_OBJC_IMPLEMENTATIONS = YES;
				CLANG_WARN_DIRECT_OBJC_ISA_USAGE = YES_ERROR;
				CLANG_WARN_DOCUMENTATION_COMMENTS = YES;
				CLANG_WARN_EMPTY_BODY = YES;
				CLANG_WARN_ENUM_CONVERSION = YES;
				CLANG_WARN_INFINITE_RECURSION = YES;
				CLANG_WARN_INT_CONVERSION = YES;
				CLANG_WARN_NON_LITERAL_NULL_CONVERSION = YES;
				CLANG_WARN_OBJC_IMPLICIT_RETAIN_SELF = YES;
				CLANG_WARN_OBJC_LITERAL_CONVERSION = YES;
				CLANG_WARN_OBJC_ROOT_CLASS = YES_ERROR;
				CLANG_WARN_QUOTED_INCLUDE_IN_FRAMEWORK_HEADER = YES;
				CLANG_WARN_RANGE_LOOP_ANALYSIS = YES;
				CLANG_WARN_STRICT_PROTOTYPES = YES;
				CLANG_WARN_SUSPICIOUS_MOVE = YES;
				CLANG_WARN_UNGUARDED_AVAILABILITY = YES_AGGRESSIVE;
				CLANG_WARN_UNREACHABLE_CODE = YES;
				CLANG_WARN__DUPLICATE_METHOD_MATCH = YES;
				COPY_PHASE_STRIP = NO;
				DEBUG_INFORMATION_FORMAT = "dwarf-with-dsym";
				ENABLE_NS_ASSERTIONS = NO;
				ENABLE_STRICT_OBJC_MSGSEND = YES;
				ENABLE_USER_SCRIPT_SANDBOXING = YES;
				GCC_C_LANGUAGE_STANDARD = gnu17;
				GCC_NO_COMMON_BLOCKS = YES;
				GCC_WARN_64_TO_32_BIT_CONVERSION = YES;
				GCC_WARN_ABOUT_RETURN_TYPE = YES_ERROR;
				GCC_WARN_UNDECLARED_SELECTOR = YES;
				GCC_WARN_UNINITIALIZED_AUTOS = YES_AGGRESSIVE;
				GCC_WARN_UNUSED_FUNCTION = YES;
				GCC_WARN_UNUSED_VARIABLE = YES;
				IPHONEOS_DEPLOYMENT_TARGET = 17.0;
				LOCALIZATION_PREFERS_STRING_CATALOGS = YES;
				MTL_ENABLE_DEBUG_INFO = NO;
				MTL_FAST_MATH = YES;
				SDKROOT = iphoneos;
				SWIFT_COMPILATION_MODE = wholemodule;
				VALIDATE_PRODUCT = YES;
			};
			name = Release;
		};
		8C6C78EE2B0636A100282A22 /* Debug */ = {
			isa = XCBuildConfiguration;
			buildSettings = {
				ASSETCATALOG_COMPILER_APPICON_NAME = AppIcon;
				ASSETCATALOG_COMPILER_GLOBAL_ACCENT_COLOR_NAME = AccentColor;
				CODE_SIGN_STYLE = Automatic;
				CURRENT_PROJECT_VERSION = 1;
				DEVELOPMENT_TEAM = B8GS4783WX;
				GENERATE_INFOPLIST_FILE = YES;
				INFOPLIST_FILE = myWeatherApp/Assets/Info.plist;
				INFOPLIST_KEY_UIApplicationSupportsIndirectInputEvents = YES;
				INFOPLIST_KEY_UILaunchStoryboardName = LaunchScreen;
				INFOPLIST_KEY_UISupportedInterfaceOrientations_iPad = "UIInterfaceOrientationPortrait UIInterfaceOrientationPortraitUpsideDown UIInterfaceOrientationLandscapeLeft UIInterfaceOrientationLandscapeRight";
				INFOPLIST_KEY_UISupportedInterfaceOrientations_iPhone = "UIInterfaceOrientationPortrait UIInterfaceOrientationLandscapeLeft UIInterfaceOrientationLandscapeRight";
				LD_RUNPATH_SEARCH_PATHS = (
					"$(inherited)",
					"@executable_path/Frameworks",
				);
				MARKETING_VERSION = 1.0;
				PRODUCT_BUNDLE_IDENTIFIER = AA.myWeatherApp;
				PRODUCT_NAME = "$(TARGET_NAME)";
				SWIFT_EMIT_LOC_STRINGS = YES;
				SWIFT_VERSION = 5.0;
				TARGETED_DEVICE_FAMILY = "1,2";
			};
			name = Debug;
		};
		8C6C78EF2B0636A100282A22 /* Release */ = {
			isa = XCBuildConfiguration;
			buildSettings = {
				ASSETCATALOG_COMPILER_APPICON_NAME = AppIcon;
				ASSETCATALOG_COMPILER_GLOBAL_ACCENT_COLOR_NAME = AccentColor;
				CODE_SIGN_STYLE = Automatic;
				CURRENT_PROJECT_VERSION = 1;
				DEVELOPMENT_TEAM = B8GS4783WX;
				GENERATE_INFOPLIST_FILE = YES;
				INFOPLIST_FILE = myWeatherApp/Assets/Info.plist;
				INFOPLIST_KEY_UIApplicationSupportsIndirectInputEvents = YES;
				INFOPLIST_KEY_UILaunchStoryboardName = LaunchScreen;
				INFOPLIST_KEY_UISupportedInterfaceOrientations_iPad = "UIInterfaceOrientationPortrait UIInterfaceOrientationPortraitUpsideDown UIInterfaceOrientationLandscapeLeft UIInterfaceOrientationLandscapeRight";
				INFOPLIST_KEY_UISupportedInterfaceOrientations_iPhone = "UIInterfaceOrientationPortrait UIInterfaceOrientationLandscapeLeft UIInterfaceOrientationLandscapeRight";
				LD_RUNPATH_SEARCH_PATHS = (
					"$(inherited)",
					"@executable_path/Frameworks",
				);
				MARKETING_VERSION = 1.0;
				PRODUCT_BUNDLE_IDENTIFIER = AA.myWeatherApp;
				PRODUCT_NAME = "$(TARGET_NAME)";
				SWIFT_EMIT_LOC_STRINGS = YES;
				SWIFT_VERSION = 5.0;
				TARGETED_DEVICE_FAMILY = "1,2";
			};
			name = Release;
		};
/* End XCBuildConfiguration section */

/* Begin XCConfigurationList section */
		8C6C78D42B06369F00282A22 /* Build configuration list for PBXProject "myWeatherApp" */ = {
			isa = XCConfigurationList;
			buildConfigurations = (
				8C6C78EB2B0636A100282A22 /* Debug */,
				8C6C78EC2B0636A100282A22 /* Release */,
			);
			defaultConfigurationIsVisible = 0;
			defaultConfigurationName = Release;
		};
		8C6C78ED2B0636A100282A22 /* Build configuration list for PBXNativeTarget "myWeatherApp" */ = {
			isa = XCConfigurationList;
			buildConfigurations = (
				8C6C78EE2B0636A100282A22 /* Debug */,
				8C6C78EF2B0636A100282A22 /* Release */,
			);
			defaultConfigurationIsVisible = 0;
			defaultConfigurationName = Release;
		};
/* End XCConfigurationList section */
	};
	rootObject = 8C6C78D12B06369F00282A22 /* Project object */;
}
